
Microsoft Visual Studio Solution File, Format Version 12.00
# Visual Studio Version 17
VisualStudioVersion = 17.11.35222.181
MinimumVisualStudioVersion = 10.0.40219.1
Project("{FAE04EC0-301F-11D3-BF4B-00C04F79EFBC}") = "VSDB2025", "VSDB2025.csproj", "{CF517B50-ABF9-4B23-B888-BCF66D1E2C52}"
EndProject
Global
	GlobalSection(SolutionConfigurationPlatforms) = preSolution
		Debug|Any CPU = Debug|Any CPU
		Release|Any CPU = Release|Any CPU
	EndGlobalSection
	GlobalSection(ProjectConfigurationPlatforms) = postSolution
		{CF517B50-ABF9-4B23-B888-BCF66D1E2C52}.Debug|Any CPU.ActiveCfg = Debug|Any CPU
		{CF517B50-ABF9-4B23-B888-BCF66D1E2C52}.Debug|Any CPU.Build.0 = Debug|Any CPU
		{CF517B50-ABF9-4B23-B888-BCF66D1E2C52}.Release|Any CPU.ActiveCfg = Release|Any CPU
		{CF517B50-ABF9-4B23-B888-BCF66D1E2C52}.Release|Any CPU.Build.0 = Release|Any CPU
	EndGlobalSection
	GlobalSection(SolutionProperties) = preSolution
		HideSolutionNode = FALSE
	EndGlobalSection
	GlobalSection(ExtensibilityGlobals) = postSolution
		SolutionGuid = {BE6DC269-0E70-448C-8215-F954647F944B}
	EndGlobalSection
EndGlobal
